// !$*UTF8*$!
{
	archiveVersion = 1;
	classes = {
	};
	objectVersion = 77;
	objects = {

/* Begin PBXContainerItemProxy section */
		176C374C2D05FE2E0018198C /* PBXContainerItemProxy */ = {
			isa = PBXContainerItemProxy;
			containerPortal = 176C37322D05FE2D0018198C /* Project object */;
			proxyType = 1;
			remoteGlobalIDString = 176C37392D05FE2D0018198C;
			remoteInfo = "pocket car";
		};
		176C37562D05FE2E0018198C /* PBXContainerItemProxy */ = {
			isa = PBXContainerItemProxy;
			containerPortal = 176C37322D05FE2D0018198C /* Project object */;
			proxyType = 1;
			remoteGlobalIDString = 176C37392D05FE2D0018198C;
			remoteInfo = "pocket car";
		};
/* End PBXContainerItemProxy section */

/* Begin PBXFileReference section */
		176C373A2D05FE2D0018198C /* pocket car.app */ = {isa = PBXFileReference; explicitFileType = wrapper.application; includeInIndex = 0; path = "pocket car.app"; sourceTree = BUILT_PRODUCTS_DIR; };
		176C374B2D05FE2E0018198C /* pocket carTests.xctest */ = {isa = PBXFileReference; explicitFileType = wrapper.cfbundle; includeInIndex = 0; path = "pocket carTests.xctest"; sourceTree = BUILT_PRODUCTS_DIR; };
		176C37552D05FE2E0018198C /* pocket carUITests.xctest */ = {isa = PBXFileReference; explicitFileType = wrapper.cfbundle; includeInIndex = 0; path = "pocket carUITests.xctest"; sourceTree = BUILT_PRODUCTS_DIR; };
/* End PBXFileReference section */

/* Begin PBXFileSystemSynchronizedBuildFileExceptionSet section */
		176C37AE2D0663350018198C /* Exceptions for "pocket carUITests" folder in "pocket car" target */ = {
			isa = PBXFileSystemSynchronizedBuildFileExceptionSet;
			membershipExceptions = (
				ShinyCard/Assets.xcassets,
				ShinyCard/CameraView.swift,
				"ShinyCard/Preview Content/Preview Assets.xcassets",
				ShinyCard/SavingStateView.swift,
			);
			target = 176C37392D05FE2D0018198C /* pocket car */;
		};
		176C37AF2D0663350018198C /* Exceptions for "pocket carUITests" folder in "pocket carUITests" target */ = {
			isa = PBXFileSystemSynchronizedBuildFileExceptionSet;
			membershipExceptions = (
				ShinyCard/Assets.xcassets,
				ShinyCard/CameraView.swift,
				"ShinyCard/Preview Content/Preview Assets.xcassets",
				ShinyCard/SavingStateView.swift,
			);
			target = 176C37542D05FE2E0018198C /* pocket carUITests */;
		};
		17A641662D145A7700042ADE /* Exceptions for "pocket car" folder in "pocket carTests" target */ = {
			isa = PBXFileSystemSynchronizedBuildFileExceptionSet;
			membershipExceptions = (
				StoreManager.swift,
			);
			target = 176C374A2D05FE2E0018198C /* pocket carTests */;
		};
		17F16D402D149A0C00AE3FB3 /* Exceptions for "pocket car" folder in "pocket car" target */ = {
			isa = PBXFileSystemSynchronizedBuildFileExceptionSet;
			membershipExceptions = (
				StoreManager.swift,
			);
			target = 176C37392D05FE2D0018198C /* pocket car */;
		};
/* End PBXFileSystemSynchronizedBuildFileExceptionSet section */

/* Begin PBXFileSystemSynchronizedRootGroup section */
		176C373C2D05FE2D0018198C /* pocket car */ = {
			isa = PBXFileSystemSynchronizedRootGroup;
			exceptions = (
				17F16D402D149A0C00AE3FB3 /* Exceptions for "pocket car" folder in "pocket car" target */,
				17A641662D145A7700042ADE /* Exceptions for "pocket car" folder in "pocket carTests" target */,
			);
			path = "pocket car";
			sourceTree = "<group>";
		};
		176C374E2D05FE2E0018198C /* pocket carTests */ = {
			isa = PBXFileSystemSynchronizedRootGroup;
			path = "pocket carTests";
			sourceTree = "<group>";
		};
		176C37582D05FE2E0018198C /* pocket carUITests */ = {
			isa = PBXFileSystemSynchronizedRootGroup;
			exceptions = (
				176C37AE2D0663350018198C /* Exceptions for "pocket carUITests" folder in "pocket car" target */,
				176C37AF2D0663350018198C /* Exceptions for "pocket carUITests" folder in "pocket carUITests" target */,
			);
			path = "pocket carUITests";
			sourceTree = "<group>";
		};
/* End PBXFileSystemSynchronizedRootGroup section */

/* Begin PBXFrameworksBuildPhase section */
		176C37372D05FE2D0018198C /* Frameworks */ = {
			isa = PBXFrameworksBuildPhase;
			buildActionMask = 2147483647;
			files = (
			);
			runOnlyForDeploymentPostprocessing = 0;
		};
		176C37482D05FE2E0018198C /* Frameworks */ = {
			isa = PBXFrameworksBuildPhase;
			buildActionMask = 2147483647;
			files = (
			);
			runOnlyForDeploymentPostprocessing = 0;
		};
		176C37522D05FE2E0018198C /* Frameworks */ = {
			isa = PBXFrameworksBuildPhase;
			buildActionMask = 2147483647;
			files = (
			);
			runOnlyForDeploymentPostprocessing = 0;
		};
/* End PBXFrameworksBuildPhase section */

/* Begin PBXGroup section */
		176C37312D05FE2D0018198C = {
			isa = PBXGroup;
			children = (
				176C373C2D05FE2D0018198C /* pocket car */,
				176C374E2D05FE2E0018198C /* pocket carTests */,
				176C37582D05FE2E0018198C /* pocket carUITests */,
				176C373B2D05FE2D0018198C /* Products */,
			);
			sourceTree = "<group>";
		};
		176C373B2D05FE2D0018198C /* Products */ = {
			isa = PBXGroup;
			children = (
				176C373A2D05FE2D0018198C /* pocket car.app */,
				176C374B2D05FE2E0018198C /* pocket carTests.xctest */,
				176C37552D05FE2E0018198C /* pocket carUITests.xctest */,
			);
			name = Products;
			sourceTree = "<group>";
		};
/* End PBXGroup section */

/* Begin PBXNativeTarget section */
		176C37392D05FE2D0018198C /* pocket car */ = {
			isa = PBXNativeTarget;
			buildConfigurationList = 176C375F2D05FE2E0018198C /* Build configuration list for PBXNativeTarget "pocket car" */;
			buildPhases = (
				176C37362D05FE2D0018198C /* Sources */,
				176C37372D05FE2D0018198C /* Frameworks */,
				176C37382D05FE2D0018198C /* Resources */,
			);
			buildRules = (
			);
			dependencies = (
			);
			fileSystemSynchronizedGroups = (
				176C373C2D05FE2D0018198C /* pocket car */,
			);
			name = "pocket car";
			packageProductDependencies = (
			);
			productName = "pocket car";
			productReference = 176C373A2D05FE2D0018198C /* pocket car.app */;
			productType = "com.apple.product-type.application";
		};
		176C374A2D05FE2E0018198C /* pocket carTests */ = {
			isa = PBXNativeTarget;
			buildConfigurationList = 176C37622D05FE2E0018198C /* Build configuration list for PBXNativeTarget "pocket carTests" */;
			buildPhases = (
				176C37472D05FE2E0018198C /* Sources */,
				176C37482D05FE2E0018198C /* Frameworks */,
				176C37492D05FE2E0018198C /* Resources */,
			);
			buildRules = (
			);
			dependencies = (
				176C374D2D05FE2E0018198C /* PBXTargetDependency */,
			);
			fileSystemSynchronizedGroups = (
				176C374E2D05FE2E0018198C /* pocket carTests */,
			);
			name = "pocket carTests";
			packageProductDependencies = (
			);
			productName = "pocket carTests";
			productReference = 176C374B2D05FE2E0018198C /* pocket carTests.xctest */;
			productType = "com.apple.product-type.bundle.unit-test";
		};
		176C37542D05FE2E0018198C /* pocket carUITests */ = {
			isa = PBXNativeTarget;
			buildConfigurationList = 176C37652D05FE2E0018198C /* Build configuration list for PBXNativeTarget "pocket carUITests" */;
			buildPhases = (
				176C37512D05FE2E0018198C /* Sources */,
				176C37522D05FE2E0018198C /* Frameworks */,
				176C37532D05FE2E0018198C /* Resources */,
			);
			buildRules = (
			);
			dependencies = (
				176C37572D05FE2E0018198C /* PBXTargetDependency */,
			);
			fileSystemSynchronizedGroups = (
				176C37582D05FE2E0018198C /* pocket carUITests */,
			);
			name = "pocket carUITests";
			packageProductDependencies = (
			);
			productName = "pocket carUITests";
			productReference = 176C37552D05FE2E0018198C /* pocket carUITests.xctest */;
			productType = "com.apple.product-type.bundle.ui-testing";
		};
/* End PBXNativeTarget section */

/* Begin PBXProject section */
		176C37322D05FE2D0018198C /* Project object */ = {
			isa = PBXProject;
			attributes = {
				BuildIndependentTargetsInParallel = 1;
				LastSwiftUpdateCheck = 1610;
				LastUpgradeCheck = 1610;
				TargetAttributes = {
					176C37392D05FE2D0018198C = {
						CreatedOnToolsVersion = 16.1;
					};
					176C374A2D05FE2E0018198C = {
						CreatedOnToolsVersion = 16.1;
						TestTargetID = 176C37392D05FE2D0018198C;
					};
					176C37542D05FE2E0018198C = {
						CreatedOnToolsVersion = 16.1;
						TestTargetID = 176C37392D05FE2D0018198C;
					};
				};
			};
			buildConfigurationList = 176C37352D05FE2D0018198C /* Build configuration list for PBXProject "pocket car" */;
			developmentRegion = en;
			hasScannedForEncodings = 0;
			knownRegions = (
				en,
				Base,
			);
			mainGroup = 176C37312D05FE2D0018198C;
			minimizedProjectReferenceProxies = 1;
			preferredProjectObjectVersion = 77;
			productRefGroup = 176C373B2D05FE2D0018198C /* Products */;
			projectDirPath = "";
			projectRoot = "";
			targets = (
				176C37392D05FE2D0018198C /* pocket car */,
				176C374A2D05FE2E0018198C /* pocket carTests */,
				176C37542D05FE2E0018198C /* pocket carUITests */,
			);
		};
/* End PBXProject section */

/* Begin PBXResourcesBuildPhase section */
		176C37382D05FE2D0018198C /* Resources */ = {
			isa = PBXResourcesBuildPhase;
			buildActionMask = 2147483647;
			files = (
			);
			runOnlyForDeploymentPostprocessing = 0;
		};
		176C37492D05FE2E0018198C /* Resources */ = {
			isa = PBXResourcesBuildPhase;
			buildActionMask = 2147483647;
			files = (
			);
			runOnlyForDeploymentPostprocessing = 0;
		};
		176C37532D05FE2E0018198C /* Resources */ = {
			isa = PBXResourcesBuildPhase;
			buildActionMask = 2147483647;
			files = (
			);
			runOnlyForDeploymentPostprocessing = 0;
		};
/* End PBXResourcesBuildPhase section */

/* Begin PBXSourcesBuildPhase section */
		176C37362D05FE2D0018198C /* Sources */ = {
			isa = PBXSourcesBuildPhase;
			buildActionMask = 2147483647;
			files = (
			);
			runOnlyForDeploymentPostprocessing = 0;
		};
		176C37472D05FE2E0018198C /* Sources */ = {
			isa = PBXSourcesBuildPhase;
			buildActionMask = 2147483647;
			files = (
			);
			runOnlyForDeploymentPostprocessing = 0;
		};
		176C37512D05FE2E0018198C /* Sources */ = {
			isa = PBXSourcesBuildPhase;
			buildActionMask = 2147483647;
			files = (
			);
			runOnlyForDeploymentPostprocessing = 0;
		};
/* End PBXSourcesBuildPhase section */

/* Begin PBXTargetDependency section */
		176C374D2D05FE2E0018198C /* PBXTargetDependency */ = {
			isa = PBXTargetDependency;
			target = 176C37392D05FE2D0018198C /* pocket car */;
			targetProxy = 176C374C2D05FE2E0018198C /* PBXContainerItemProxy */;
		};
		176C37572D05FE2E0018198C /* PBXTargetDependency */ = {
			isa = PBXTargetDependency;
			target = 176C37392D05FE2D0018198C /* pocket car */;
			targetProxy = 176C37562D05FE2E0018198C /* PBXContainerItemProxy */;
		};
/* End PBXTargetDependency section */

/* Begin XCBuildConfiguration section */
		176C375D2D05FE2E0018198C /* Debug */ = {
			isa = XCBuildConfiguration;
			buildSettings = {
				ALWAYS_SEARCH_USER_PATHS = NO;
				ASSETCATALOG_COMPILER_GENERATE_SWIFT_ASSET_SYMBOL_EXTENSIONS = YES;
				CLANG_ANALYZER_NONNULL = YES;
				CLANG_ANALYZER_NUMBER_OBJECT_CONVERSION = YES_AGGRESSIVE;
				CLANG_CXX_LANGUAGE_STANDARD = "gnu++20";
				CLANG_ENABLE_MODULES = YES;
				CLANG_ENABLE_OBJC_ARC = YES;
				CLANG_ENABLE_OBJC_WEAK = YES;
				CLANG_WARN_BLOCK_CAPTURE_AUTORELEASING = YES;
				CLANG_WARN_BOOL_CONVERSION = YES;
				CLANG_WARN_COMMA = YES;
				CLANG_WARN_CONSTANT_CONVERSION = YES;
				CLANG_WARN_DEPRECATED_OBJC_IMPLEMENTATIONS = YES;
				CLANG_WARN_DIRECT_OBJC_ISA_USAGE = YES_ERROR;
				CLANG_WARN_DOCUMENTATION_COMMENTS = YES;
				CLANG_WARN_EMPTY_BODY = YES;
				CLANG_WARN_ENUM_CONVERSION = YES;
				CLANG_WARN_INFINITE_RECURSION = YES;
				CLANG_WARN_INT_CONVERSION = YES;
				CLANG_WARN_NON_LITERAL_NULL_CONVERSION = YES;
				CLANG_WARN_OBJC_IMPLICIT_RETAIN_SELF = YES;
				CLANG_WARN_OBJC_LITERAL_CONVERSION = YES;
				CLANG_WARN_OBJC_ROOT_CLASS = YES_ERROR;
				CLANG_WARN_QUOTED_INCLUDE_IN_FRAMEWORK_HEADER = YES;
				CLANG_WARN_RANGE_LOOP_ANALYSIS = YES;
				CLANG_WARN_STRICT_PROTOTYPES = YES;
				CLANG_WARN_SUSPICIOUS_MOVE = YES;
				CLANG_WARN_UNGUARDED_AVAILABILITY = YES_AGGRESSIVE;
				CLANG_WARN_UNREACHABLE_CODE = YES;
				CLANG_WARN__DUPLICATE_METHOD_MATCH = YES;
				COPY_PHASE_STRIP = NO;
				DEBUG_INFORMATION_FORMAT = dwarf;
				ENABLE_STRICT_OBJC_MSGSEND = YES;
				ENABLE_TESTABILITY = YES;
				ENABLE_USER_SCRIPT_SANDBOXING = YES;
				GCC_C_LANGUAGE_STANDARD = gnu17;
				GCC_DYNAMIC_NO_PIC = NO;
				GCC_NO_COMMON_BLOCKS = YES;
				GCC_OPTIMIZATION_LEVEL = 0;
				GCC_PREPROCESSOR_DEFINITIONS = (
					"DEBUG=1",
					"$(inherited)",
				);
				GCC_WARN_64_TO_32_BIT_CONVERSION = YES;
				GCC_WARN_ABOUT_RETURN_TYPE = YES_ERROR;
				GCC_WARN_UNDECLARED_SELECTOR = YES;
				GCC_WARN_UNINITIALIZED_AUTOS = YES_AGGRESSIVE;
				GCC_WARN_UNUSED_FUNCTION = YES;
				GCC_WARN_UNUSED_VARIABLE = YES;
				LOCALIZATION_PREFERS_STRING_CATALOGS = YES;
				MTL_ENABLE_DEBUG_INFO = INCLUDE_SOURCE;
				MTL_FAST_MATH = YES;
				ONLY_ACTIVE_ARCH = YES;
				SWIFT_ACTIVE_COMPILATION_CONDITIONS = "DEBUG $(inherited)";
				SWIFT_OPTIMIZATION_LEVEL = "-Onone";
			};
			name = Debug;
		};
		176C375E2D05FE2E0018198C /* Release */ = {
			isa = XCBuildConfiguration;
			buildSettings = {
				ALWAYS_SEARCH_USER_PATHS = NO;
				ASSETCATALOG_COMPILER_GENERATE_SWIFT_ASSET_SYMBOL_EXTENSIONS = YES;
				CLANG_ANALYZER_NONNULL = YES;
				CLANG_ANALYZER_NUMBER_OBJECT_CONVERSION = YES_AGGRESSIVE;
				CLANG_CXX_LANGUAGE_STANDARD = "gnu++20";
				CLANG_ENABLE_MODULES = YES;
				CLANG_ENABLE_OBJC_ARC = YES;
				CLANG_ENABLE_OBJC_WEAK = YES;
				CLANG_WARN_BLOCK_CAPTURE_AUTORELEASING = YES;
				CLANG_WARN_BOOL_CONVERSION = YES;
				CLANG_WARN_COMMA = YES;
				CLANG_WARN_CONSTANT_CONVERSION = YES;
				CLANG_WARN_DEPRECATED_OBJC_IMPLEMENTATIONS = YES;
				CLANG_WARN_DIRECT_OBJC_ISA_USAGE = YES_ERROR;
				CLANG_WARN_DOCUMENTATION_COMMENTS = YES;
				CLANG_WARN_EMPTY_BODY = YES;
				CLANG_WARN_ENUM_CONVERSION = YES;
				CLANG_WARN_INFINITE_RECURSION = YES;
				CLANG_WARN_INT_CONVERSION = YES;
				CLANG_WARN_NON_LITERAL_NULL_CONVERSION = YES;
				CLANG_WARN_OBJC_IMPLICIT_RETAIN_SELF = YES;
				CLANG_WARN_OBJC_LITERAL_CONVERSION = YES;
				CLANG_WARN_OBJC_ROOT_CLASS = YES_ERROR;
				CLANG_WARN_QUOTED_INCLUDE_IN_FRAMEWORK_HEADER = YES;
				CLANG_WARN_RANGE_LOOP_ANALYSIS = YES;
				CLANG_WARN_STRICT_PROTOTYPES = YES;
				CLANG_WARN_SUSPICIOUS_MOVE = YES;
				CLANG_WARN_UNGUARDED_AVAILABILITY = YES_AGGRESSIVE;
				CLANG_WARN_UNREACHABLE_CODE = YES;
				CLANG_WARN__DUPLICATE_METHOD_MATCH = YES;
				COPY_PHASE_STRIP = NO;
				DEBUG_INFORMATION_FORMAT = "dwarf-with-dsym";
				ENABLE_NS_ASSERTIONS = NO;
				ENABLE_STRICT_OBJC_MSGSEND = YES;
				ENABLE_USER_SCRIPT_SANDBOXING = YES;
				GCC_C_LANGUAGE_STANDARD = gnu17;
				GCC_NO_COMMON_BLOCKS = YES;
				GCC_WARN_64_TO_32_BIT_CONVERSION = YES;
				GCC_WARN_ABOUT_RETURN_TYPE = YES_ERROR;
				GCC_WARN_UNDECLARED_SELECTOR = YES;
				GCC_WARN_UNINITIALIZED_AUTOS = YES_AGGRESSIVE;
				GCC_WARN_UNUSED_FUNCTION = YES;
				GCC_WARN_UNUSED_VARIABLE = YES;
				LOCALIZATION_PREFERS_STRING_CATALOGS = YES;
				MTL_ENABLE_DEBUG_INFO = NO;
				MTL_FAST_MATH = YES;
				SWIFT_COMPILATION_MODE = wholemodule;
			};
			name = Release;
		};
		176C37602D05FE2E0018198C /* Debug */ = {
			isa = XCBuildConfiguration;
			buildSettings = {
				ASSETCATALOG_COMPILER_APPICON_NAME = AppIcon;
				ASSETCATALOG_COMPILER_GLOBAL_ACCENT_COLOR_NAME = AccentColor;
				CODE_SIGN_ENTITLEMENTS = "pocket car/pocket_car.entitlements";
				CODE_SIGN_STYLE = Automatic;
				CURRENT_PROJECT_VERSION = 1;
				DEVELOPMENT_ASSET_PATHS = "\"pocket car/Preview Content\"";
				DEVELOPMENT_TEAM = SMXR52F652;
				ENABLE_PREVIEWS = YES;
				GENERATE_INFOPLIST_FILE = YES;
				"INFOPLIST_KEY_UIApplicationSceneManifest_Generation[sdk=iphoneos*]" = YES;
				"INFOPLIST_KEY_UIApplicationSceneManifest_Generation[sdk=iphonesimulator*]" = YES;
				"INFOPLIST_KEY_UIApplicationSupportsIndirectInputEvents[sdk=iphoneos*]" = YES;
				"INFOPLIST_KEY_UIApplicationSupportsIndirectInputEvents[sdk=iphonesimulator*]" = YES;
				"INFOPLIST_KEY_UILaunchScreen_Generation[sdk=iphoneos*]" = YES;
				"INFOPLIST_KEY_UILaunchScreen_Generation[sdk=iphonesimulator*]" = YES;
				"INFOPLIST_KEY_UIStatusBarStyle[sdk=iphoneos*]" = UIStatusBarStyleDefault;
				"INFOPLIST_KEY_UIStatusBarStyle[sdk=iphonesimulator*]" = UIStatusBarStyleDefault;
				INFOPLIST_KEY_UISupportedInterfaceOrientations = UIInterfaceOrientationPortrait;
				INFOPLIST_KEY_UISupportedInterfaceOrientations_iPad = "UIInterfaceOrientationLandscapeLeft UIInterfaceOrientationLandscapeRight UIInterfaceOrientationPortrait UIInterfaceOrientationPortraitUpsideDown";
				IPHONEOS_DEPLOYMENT_TARGET = 18.1;
				LD_RUNPATH_SEARCH_PATHS = "@executable_path/Frameworks";
				"LD_RUNPATH_SEARCH_PATHS[sdk=macosx*]" = "@executable_path/../Frameworks";
				MACOSX_DEPLOYMENT_TARGET = 15.1;
				MARKETING_VERSION = 1.0;
				PRODUCT_BUNDLE_IDENTIFIER = "pocket-car.pocket-car";
				PRODUCT_NAME = "$(TARGET_NAME)";
				SDKROOT = auto;
				SUPPORTED_PLATFORMS = "iphoneos iphonesimulator macosx xros xrsimulator";
				SWIFT_EMIT_LOC_STRINGS = YES;
				SWIFT_VERSION = 5.0;
				TARGETED_DEVICE_FAMILY = "1,2,7";
				XROS_DEPLOYMENT_TARGET = 2.1;
			};
			name = Debug;
		};
		176C37612D05FE2E0018198C /* Release */ = {
			isa = XCBuildConfiguration;
			buildSettings = {
				ASSETCATALOG_COMPILER_APPICON_NAME = AppIcon;
				ASSETCATALOG_COMPILER_GLOBAL_ACCENT_COLOR_NAME = AccentColor;
				CODE_SIGN_ENTITLEMENTS = "pocket car/pocket_car.entitlements";
				CODE_SIGN_STYLE = Automatic;
				CURRENT_PROJECT_VERSION = 1;
				DEVELOPMENT_ASSET_PATHS = "\"pocket car/Preview Content\"";
				DEVELOPMENT_TEAM = SMXR52F652;
				ENABLE_PREVIEWS = YES;
				GENERATE_INFOPLIST_FILE = YES;
				"INFOPLIST_KEY_UIApplicationSceneManifest_Generation[sdk=iphoneos*]" = YES;
				"INFOPLIST_KEY_UIApplicationSceneManifest_Generation[sdk=iphonesimulator*]" = YES;
				"INFOPLIST_KEY_UIApplicationSupportsIndirectInputEvents[sdk=iphoneos*]" = YES;
				"INFOPLIST_KEY_UIApplicationSupportsIndirectInputEvents[sdk=iphonesimulator*]" = YES;
				"INFOPLIST_KEY_UILaunchScreen_Generation[sdk=iphoneos*]" = YES;
				"INFOPLIST_KEY_UILaunchScreen_Generation[sdk=iphonesimulator*]" = YES;
				"INFOPLIST_KEY_UIStatusBarStyle[sdk=iphoneos*]" = UIStatusBarStyleDefault;
				"INFOPLIST_KEY_UIStatusBarStyle[sdk=iphonesimulator*]" = UIStatusBarStyleDefault;
				INFOPLIST_KEY_UISupportedInterfaceOrientations = UIInterfaceOrientationPortrait;
				INFOPLIST_KEY_UISupportedInterfaceOrientations_iPad = "UIInterfaceOrientationLandscapeLeft UIInterfaceOrientationLandscapeRight UIInterfaceOrientationPortrait UIInterfaceOrientationPortraitUpsideDown";
				IPHONEOS_DEPLOYMENT_TARGET = 18.1;
				LD_RUNPATH_SEARCH_PATHS = "@executable_path/Frameworks";
				"LD_RUNPATH_SEARCH_PATHS[sdk=macosx*]" = "@executable_path/../Frameworks";
				MACOSX_DEPLOYMENT_TARGET = 15.1;
				MARKETING_VERSION = 1.0;
				PRODUCT_BUNDLE_IDENTIFIER = "pocket-car.pocket-car";
				PRODUCT_NAME = "$(TARGET_NAME)";
				SDKROOT = auto;
				SUPPORTED_PLATFORMS = "iphoneos iphonesimulator macosx xros xrsimulator";
				SWIFT_EMIT_LOC_STRINGS = YES;
				SWIFT_VERSION = 5.0;
				TARGETED_DEVICE_FAMILY = "1,2,7";
				XROS_DEPLOYMENT_TARGET = 2.1;
			};
			name = Release;
		};
		176C37632D05FE2E0018198C /* Debug */ = {
			isa = XCBuildConfiguration;
			buildSettings = {
				BUNDLE_LOADER = "$(TEST_HOST)";
				CODE_SIGN_STYLE = Automatic;
				CURRENT_PROJECT_VERSION = 1;
				GENERATE_INFOPLIST_FILE = YES;
				IPHONEOS_DEPLOYMENT_TARGET = 18.1;
				MACOSX_DEPLOYMENT_TARGET = 15.1;
				MARKETING_VERSION = 1.0;
				PRODUCT_BUNDLE_IDENTIFIER = "pocket-car.pocket-carTests";
				PRODUCT_NAME = "$(TARGET_NAME)";
				SDKROOT = auto;
				SUPPORTED_PLATFORMS = "iphoneos iphonesimulator macosx xros xrsimulator";
				SWIFT_EMIT_LOC_STRINGS = NO;
				SWIFT_VERSION = 5.0;
				TARGETED_DEVICE_FAMILY = "1,2,7";
				TEST_HOST = "$(BUILT_PRODUCTS_DIR)/pocket car.app/$(BUNDLE_EXECUTABLE_FOLDER_PATH)/pocket car";
				XROS_DEPLOYMENT_TARGET = 2.1;
			};
			name = Debug;
		};
		176C37642D05FE2E0018198C /* Release */ = {
			isa = XCBuildConfiguration;
			buildSettings = {
				BUNDLE_LOADER = "$(TEST_HOST)";
				CODE_SIGN_STYLE = Automatic;
				CURRENT_PROJECT_VERSION = 1;
				GENERATE_INFOPLIST_FILE = YES;
				IPHONEOS_DEPLOYMENT_TARGET = 18.1;
				MACOSX_DEPLOYMENT_TARGET = 15.1;
				MARKETING_VERSION = 1.0;
				PRODUCT_BUNDLE_IDENTIFIER = "pocket-car.pocket-carTests";
				PRODUCT_NAME = "$(TARGET_NAME)";
				SDKROOT = auto;
				SUPPORTED_PLATFORMS = "iphoneos iphonesimulator macosx xros xrsimulator";
				SWIFT_EMIT_LOC_STRINGS = NO;
				SWIFT_VERSION = 5.0;
				TARGETED_DEVICE_FAMILY = "1,2,7";
				TEST_HOST = "$(BUILT_PRODUCTS_DIR)/pocket car.app/$(BUNDLE_EXECUTABLE_FOLDER_PATH)/pocket car";
				XROS_DEPLOYMENT_TARGET = 2.1;
			};
			name = Release;
		};
		176C37662D05FE2E0018198C /* Debug */ = {
			isa = XCBuildConfiguration;
			buildSettings = {
				CODE_SIGN_STYLE = Automatic;
				CURRENT_PROJECT_VERSION = 1;
				GENERATE_INFOPLIST_FILE = YES;
				IPHONEOS_DEPLOYMENT_TARGET = 18.1;
				MACOSX_DEPLOYMENT_TARGET = 15.1;
				MARKETING_VERSION = 1.0;
				PRODUCT_BUNDLE_IDENTIFIER = "pocket-car.pocket-carUITests";
				PRODUCT_NAME = "$(TARGET_NAME)";
				SDKROOT = auto;
				SUPPORTED_PLATFORMS = "iphoneos iphonesimulator macosx xros xrsimulator";
				SWIFT_EMIT_LOC_STRINGS = NO;
				SWIFT_VERSION = 5.0;
				TARGETED_DEVICE_FAMILY = "1,2,7";
				TEST_TARGET_NAME = "pocket car";
				XROS_DEPLOYMENT_TARGET = 2.1;
			};
			name = Debug;
		};
		176C37672D05FE2E0018198C /* Release */ = {
			isa = XCBuildConfiguration;
			buildSettings = {
				CODE_SIGN_STYLE = Automatic;
				CURRENT_PROJECT_VERSION = 1;
				GENERATE_INFOPLIST_FILE = YES;
				IPHONEOS_DEPLOYMENT_TARGET = 18.1;
				MACOSX_DEPLOYMENT_TARGET = 15.1;
				MARKETING_VERSION = 1.0;
				PRODUCT_BUNDLE_IDENTIFIER = "pocket-car.pocket-carUITests";
				PRODUCT_NAME = "$(TARGET_NAME)";
				SDKROOT = auto;
				SUPPORTED_PLATFORMS = "iphoneos iphonesimulator macosx xros xrsimulator";
				SWIFT_EMIT_LOC_STRINGS = NO;
				SWIFT_VERSION = 5.0;
				TARGETED_DEVICE_FAMILY = "1,2,7";
				TEST_TARGET_NAME = "pocket car";
				XROS_DEPLOYMENT_TARGET = 2.1;
			};
			name = Release;
		};
/* End XCBuildConfiguration section */

/* Begin XCConfigurationList section */
		176C37352D05FE2D0018198C /* Build configuration list for PBXProject "pocket car" */ = {
			isa = XCConfigurationList;
			buildConfigurations = (
				176C375D2D05FE2E0018198C /* Debug */,
				176C375E2D05FE2E0018198C /* Release */,
			);
			defaultConfigurationIsVisible = 0;
			defaultConfigurationName = Release;
		};
		176C375F2D05FE2E0018198C /* Build configuration list for PBXNativeTarget "pocket car" */ = {
			isa = XCConfigurationList;
			buildConfigurations = (
				176C37602D05FE2E0018198C /* Debug */,
				176C37612D05FE2E0018198C /* Release */,
			);
			defaultConfigurationIsVisible = 0;
			defaultConfigurationName = Release;
		};
		176C37622D05FE2E0018198C /* Build configuration list for PBXNativeTarget "pocket carTests" */ = {
			isa = XCConfigurationList;
			buildConfigurations = (
				176C37632D05FE2E0018198C /* Debug */,
				176C37642D05FE2E0018198C /* Release */,
			);
			defaultConfigurationIsVisible = 0;
			defaultConfigurationName = Release;
		};
		176C37652D05FE2E0018198C /* Build configuration list for PBXNativeTarget "pocket carUITests" */ = {
			isa = XCConfigurationList;
			buildConfigurations = (
				176C37662D05FE2E0018198C /* Debug */,
				176C37672D05FE2E0018198C /* Release */,
			);
			defaultConfigurationIsVisible = 0;
			defaultConfigurationName = Release;
		};
/* End XCConfigurationList section */
	};
	rootObject = 176C37322D05FE2D0018198C /* Project object */;
}
